
Microsoft Visual Studio Solution File, Format Version 12.00
# Visual Studio Version 17
VisualStudioVersion = 17.1.32328.378
MinimumVisualStudioVersion = 10.0.40219.1
Project("{FAE04EC0-301F-11D3-BF4B-00C04F79EFBC}") = "TextConverter", "TextConverter\TextConverter.csproj", "{D069B4AB-FE04-4E56-9C2E-9704374D97DF}"
EndProject
Global
	GlobalSection(SolutionConfigurationPlatforms) = preSolution
		Debug|Any CPU = Debug|Any CPU
		Release|Any CPU = Release|Any CPU
	EndGlobalSection
	GlobalSection(ProjectConfigurationPlatforms) = postSolution
		{D069B4AB-FE04-4E56-9C2E-9704374D97DF}.Debug|Any CPU.ActiveCfg = Debug|Any CPU
		{D069B4AB-FE04-4E56-9C2E-9704374D97DF}.Debug|Any CPU.Build.0 = Debug|Any CPU
		{D069B4AB-FE04-4E56-9C2E-9704374D97DF}.Release|Any CPU.ActiveCfg = Release|Any CPU
		{D069B4AB-FE04-4E56-9C2E-9704374D97DF}.Release|Any CPU.Build.0 = Release|Any CPU
	EndGlobalSection
	GlobalSection(SolutionProperties) = preSolution
		HideSolutionNode = FALSE
	EndGlobalSection
	GlobalSection(ExtensibilityGlobals) = postSolution
		SolutionGuid = {EDED7103-BC3F-47F3-A7A3-CEBC53E40C72}
	EndGlobalSection
EndGlobal
